// !$*UTF8*$!
{
	archiveVersion = 1;
	classes = {
	};
	objectVersion = 56;
	objects = {

/* Begin PBXBuildFile section */
		721411B12BB5638E0076A775 /* DragndropApp.swift in Sources */ = {isa = PBXBuildFile; fileRef = 721411B02BB5638E0076A775 /* DragndropApp.swift */; };
		721411B32BB5638E0076A775 /* MainView.swift in Sources */ = {isa = PBXBuildFile; fileRef = 721411B22BB5638E0076A775 /* MainView.swift */; };
		721411B52BB5638F0076A775 /* Assets.xcassets in Resources */ = {isa = PBXBuildFile; fileRef = 721411B42BB5638F0076A775 /* Assets.xcassets */; };
		721411B82BB5638F0076A775 /* Preview Assets.xcassets in Resources */ = {isa = PBXBuildFile; fileRef = 721411B72BB5638F0076A775 /* Preview Assets.xcassets */; };
		721411C22BB5638F0076A775 /* DragndropTests.swift in Sources */ = {isa = PBXBuildFile; fileRef = 721411C12BB5638F0076A775 /* DragndropTests.swift */; };
		721411CC2BB5638F0076A775 /* DragndropUITests.swift in Sources */ = {isa = PBXBuildFile; fileRef = 721411CB2BB5638F0076A775 /* DragndropUITests.swift */; };
		721411CE2BB5638F0076A775 /* DragndropUITestsLaunchTests.swift in Sources */ = {isa = PBXBuildFile; fileRef = 721411CD2BB5638F0076A775 /* DragndropUITestsLaunchTests.swift */; };
		721411E92BB59EB70076A775 /* CustomExtensions.swift in Sources */ = {isa = PBXBuildFile; fileRef = 721411E82BB59EB70076A775 /* CustomExtensions.swift */; };
		721411EC2BB59EDA0076A775 /* DeveloperTaskEntity.swift in Sources */ = {isa = PBXBuildFile; fileRef = 721411EB2BB59EDA0076A775 /* DeveloperTaskEntity.swift */; };
		721411EF2BB59F310076A775 /* KanbanView.swift in Sources */ = {isa = PBXBuildFile; fileRef = 721411EE2BB59F310076A775 /* KanbanView.swift */; };
		727F6D5A2BB5E23000A5D4D8 /* KanbanEntity.swift in Sources */ = {isa = PBXBuildFile; fileRef = 727F6D592BB5E23000A5D4D8 /* KanbanEntity.swift */; };
/* End PBXBuildFile section */

/* Begin PBXContainerItemProxy section */
		721411BE2BB5638F0076A775 /* PBXContainerItemProxy */ = {
			isa = PBXContainerItemProxy;
			containerPortal = 721411A52BB5638E0076A775 /* Project object */;
			proxyType = 1;
			remoteGlobalIDString = 721411AC2BB5638E0076A775;
			remoteInfo = dragndrop;
		};
		721411C82BB5638F0076A775 /* PBXContainerItemProxy */ = {
			isa = PBXContainerItemProxy;
			containerPortal = 721411A52BB5638E0076A775 /* Project object */;
			proxyType = 1;
			remoteGlobalIDString = 721411AC2BB5638E0076A775;
			remoteInfo = dragndrop;
		};
/* End PBXContainerItemProxy section */

/* Begin PBXFileReference section */
		721411AD2BB5638E0076A775 /* dragndrop.app */ = {isa = PBXFileReference; explicitFileType = wrapper.application; includeInIndex = 0; path = dragndrop.app; sourceTree = BUILT_PRODUCTS_DIR; };
		721411B02BB5638E0076A775 /* DragndropApp.swift */ = {isa = PBXFileReference; lastKnownFileType = sourcecode.swift; path = DragndropApp.swift; sourceTree = "<group>"; };
		721411B22BB5638E0076A775 /* MainView.swift */ = {isa = PBXFileReference; lastKnownFileType = sourcecode.swift; path = MainView.swift; sourceTree = "<group>"; };
		721411B42BB5638F0076A775 /* Assets.xcassets */ = {isa = PBXFileReference; lastKnownFileType = folder.assetcatalog; path = Assets.xcassets; sourceTree = "<group>"; };
		721411B72BB5638F0076A775 /* Preview Assets.xcassets */ = {isa = PBXFileReference; lastKnownFileType = folder.assetcatalog; path = "Preview Assets.xcassets"; sourceTree = "<group>"; };
		721411BD2BB5638F0076A775 /* dragndropTests.xctest */ = {isa = PBXFileReference; explicitFileType = wrapper.cfbundle; includeInIndex = 0; path = dragndropTests.xctest; sourceTree = BUILT_PRODUCTS_DIR; };
		721411C12BB5638F0076A775 /* DragndropTests.swift */ = {isa = PBXFileReference; lastKnownFileType = sourcecode.swift; path = DragndropTests.swift; sourceTree = "<group>"; };
		721411C72BB5638F0076A775 /* dragndropUITests.xctest */ = {isa = PBXFileReference; explicitFileType = wrapper.cfbundle; includeInIndex = 0; path = dragndropUITests.xctest; sourceTree = BUILT_PRODUCTS_DIR; };
		721411CB2BB5638F0076A775 /* DragndropUITests.swift */ = {isa = PBXFileReference; lastKnownFileType = sourcecode.swift; path = DragndropUITests.swift; sourceTree = "<group>"; };
		721411CD2BB5638F0076A775 /* DragndropUITestsLaunchTests.swift */ = {isa = PBXFileReference; lastKnownFileType = sourcecode.swift; path = DragndropUITestsLaunchTests.swift; sourceTree = "<group>"; };
		721411DA2BB58D890076A775 /* Info.plist */ = {isa = PBXFileReference; lastKnownFileType = text.plist; path = Info.plist; sourceTree = "<group>"; };
		721411E82BB59EB70076A775 /* CustomExtensions.swift */ = {isa = PBXFileReference; lastKnownFileType = sourcecode.swift; path = CustomExtensions.swift; sourceTree = "<group>"; };
		721411EB2BB59EDA0076A775 /* DeveloperTaskEntity.swift */ = {isa = PBXFileReference; lastKnownFileType = sourcecode.swift; path = DeveloperTaskEntity.swift; sourceTree = "<group>"; };
		721411EE2BB59F310076A775 /* KanbanView.swift */ = {isa = PBXFileReference; lastKnownFileType = sourcecode.swift; path = KanbanView.swift; sourceTree = "<group>"; };
		727F6D592BB5E23000A5D4D8 /* KanbanEntity.swift */ = {isa = PBXFileReference; lastKnownFileType = sourcecode.swift; path = KanbanEntity.swift; sourceTree = "<group>"; };
/* End PBXFileReference section */

/* Begin PBXFrameworksBuildPhase section */
		721411AA2BB5638E0076A775 /* Frameworks */ = {
			isa = PBXFrameworksBuildPhase;
			buildActionMask = 2147483647;
			files = (
			);
			runOnlyForDeploymentPostprocessing = 0;
		};
		721411BA2BB5638F0076A775 /* Frameworks */ = {
			isa = PBXFrameworksBuildPhase;
			buildActionMask = 2147483647;
			files = (
			);
			runOnlyForDeploymentPostprocessing = 0;
		};
		721411C42BB5638F0076A775 /* Frameworks */ = {
			isa = PBXFrameworksBuildPhase;
			buildActionMask = 2147483647;
			files = (
			);
			runOnlyForDeploymentPostprocessing = 0;
		};
/* End PBXFrameworksBuildPhase section */

/* Begin PBXGroup section */
		721411A42BB5638E0076A775 = {
			isa = PBXGroup;
			children = (
				721411AF2BB5638E0076A775 /* dragndrop */,
				721411C02BB5638F0076A775 /* dragndropTests */,
				721411CA2BB5638F0076A775 /* dragndropUITests */,
				721411AE2BB5638E0076A775 /* Products */,
			);
			sourceTree = "<group>";
		};
		721411AE2BB5638E0076A775 /* Products */ = {
			isa = PBXGroup;
			children = (
				721411AD2BB5638E0076A775 /* dragndrop.app */,
				721411BD2BB5638F0076A775 /* dragndropTests.xctest */,
				721411C72BB5638F0076A775 /* dragndropUITests.xctest */,
			);
			name = Products;
			sourceTree = "<group>";
		};
		721411AF2BB5638E0076A775 /* dragndrop */ = {
			isa = PBXGroup;
			children = (
				721411DA2BB58D890076A775 /* Info.plist */,
				721411DB2BB59E050076A775 /* Constants */,
				721411DC2BB59E0B0076A775 /* Common */,
				721411DD2BB59E100076A775 /* Helpers */,
				721411DE2BB59E170076A775 /* Manager */,
				721411DF2BB59E1E0076A775 /* Data */,
				721411E02BB59E240076A775 /* Domain */,
				721411E12BB59E2B0076A775 /* Presentation */,
				721411E22BB59E350076A775 /* Resources */,
				721411B62BB5638F0076A775 /* Preview Content */,
			);
			path = dragndrop;
			sourceTree = "<group>";
		};
		721411B62BB5638F0076A775 /* Preview Content */ = {
			isa = PBXGroup;
			children = (
				721411B72BB5638F0076A775 /* Preview Assets.xcassets */,
			);
			path = "Preview Content";
			sourceTree = "<group>";
		};
		721411C02BB5638F0076A775 /* dragndropTests */ = {
			isa = PBXGroup;
			children = (
				721411C12BB5638F0076A775 /* DragndropTests.swift */,
			);
			path = dragndropTests;
			sourceTree = "<group>";
		};
		721411CA2BB5638F0076A775 /* dragndropUITests */ = {
			isa = PBXGroup;
			children = (
				721411CB2BB5638F0076A775 /* DragndropUITests.swift */,
				721411CD2BB5638F0076A775 /* DragndropUITestsLaunchTests.swift */,
			);
			path = dragndropUITests;
			sourceTree = "<group>";
		};
		721411DB2BB59E050076A775 /* Constants */ = {
			isa = PBXGroup;
			children = (
			);
			path = Constants;
			sourceTree = "<group>";
		};
		721411DC2BB59E0B0076A775 /* Common */ = {
			isa = PBXGroup;
			children = (
				721411E82BB59EB70076A775 /* CustomExtensions.swift */,
			);
			path = Common;
			sourceTree = "<group>";
		};
		721411DD2BB59E100076A775 /* Helpers */ = {
			isa = PBXGroup;
			children = (
			);
			path = Helpers;
			sourceTree = "<group>";
		};
		721411DE2BB59E170076A775 /* Manager */ = {
			isa = PBXGroup;
			children = (
			);
			path = Manager;
			sourceTree = "<group>";
		};
		721411DF2BB59E1E0076A775 /* Data */ = {
			isa = PBXGroup;
			children = (
			);
			path = Data;
			sourceTree = "<group>";
		};
		721411E02BB59E240076A775 /* Domain */ = {
			isa = PBXGroup;
			children = (
				721411E62BB59E8F0076A775 /* UseCases */,
				721411E72BB59E940076A775 /* Entities */,
			);
			path = Domain;
			sourceTree = "<group>";
		};
		721411E12BB59E2B0076A775 /* Presentation */ = {
			isa = PBXGroup;
			children = (
				721411E32BB59E530076A775 /* App */,
				721411E42BB59E5D0076A775 /* Modules */,
			);
			path = Presentation;
			sourceTree = "<group>";
		};
		721411E22BB59E350076A775 /* Resources */ = {
			isa = PBXGroup;
			children = (
				721411B42BB5638F0076A775 /* Assets.xcassets */,
			);
			path = Resources;
			sourceTree = "<group>";
		};
		721411E32BB59E530076A775 /* App */ = {
			isa = PBXGroup;
			children = (
				721411B02BB5638E0076A775 /* DragndropApp.swift */,
			);
			path = App;
			sourceTree = "<group>";
		};
		721411E42BB59E5D0076A775 /* Modules */ = {
			isa = PBXGroup;
			children = (
				721411E52BB59E670076A775 /* Main */,
				721411ED2BB59F230076A775 /* Kanban */,
			);
			path = Modules;
			sourceTree = "<group>";
		};
		721411E52BB59E670076A775 /* Main */ = {
			isa = PBXGroup;
			children = (
				721411B22BB5638E0076A775 /* MainView.swift */,
			);
			path = Main;
			sourceTree = "<group>";
		};
		721411E62BB59E8F0076A775 /* UseCases */ = {
			isa = PBXGroup;
			children = (
			);
			path = UseCases;
			sourceTree = "<group>";
		};
		721411E72BB59E940076A775 /* Entities */ = {
			isa = PBXGroup;
			children = (
				727F6D582BB5E22100A5D4D8 /* Kanban */,
				721411EA2BB59EC00076A775 /* Developers */,
			);
			path = Entities;
			sourceTree = "<group>";
		};
		721411EA2BB59EC00076A775 /* Developers */ = {
			isa = PBXGroup;
			children = (
				721411EB2BB59EDA0076A775 /* DeveloperTaskEntity.swift */,
			);
			path = Developers;
			sourceTree = "<group>";
		};
		721411ED2BB59F230076A775 /* Kanban */ = {
			isa = PBXGroup;
			children = (
				721411EE2BB59F310076A775 /* KanbanView.swift */,
			);
			path = Kanban;
			sourceTree = "<group>";
		};
		727F6D582BB5E22100A5D4D8 /* Kanban */ = {
			isa = PBXGroup;
			children = (
				727F6D592BB5E23000A5D4D8 /* KanbanEntity.swift */,
			);
			path = Kanban;
			sourceTree = "<group>";
		};
/* End PBXGroup section */

/* Begin PBXNativeTarget section */
		721411AC2BB5638E0076A775 /* dragndrop */ = {
			isa = PBXNativeTarget;
			buildConfigurationList = 721411D12BB5638F0076A775 /* Build configuration list for PBXNativeTarget "dragndrop" */;
			buildPhases = (
				721411A92BB5638E0076A775 /* Sources */,
				721411AA2BB5638E0076A775 /* Frameworks */,
				721411AB2BB5638E0076A775 /* Resources */,
				727F6D572BB5E09700A5D4D8 /* SwiftLint */,
			);
			buildRules = (
			);
			dependencies = (
			);
			name = dragndrop;
			productName = dragndrop;
			productReference = 721411AD2BB5638E0076A775 /* dragndrop.app */;
			productType = "com.apple.product-type.application";
		};
		721411BC2BB5638F0076A775 /* dragndropTests */ = {
			isa = PBXNativeTarget;
			buildConfigurationList = 721411D42BB5638F0076A775 /* Build configuration list for PBXNativeTarget "dragndropTests" */;
			buildPhases = (
				721411B92BB5638F0076A775 /* Sources */,
				721411BA2BB5638F0076A775 /* Frameworks */,
				721411BB2BB5638F0076A775 /* Resources */,
			);
			buildRules = (
			);
			dependencies = (
				721411BF2BB5638F0076A775 /* PBXTargetDependency */,
			);
			name = dragndropTests;
			productName = dragndropTests;
			productReference = 721411BD2BB5638F0076A775 /* dragndropTests.xctest */;
			productType = "com.apple.product-type.bundle.unit-test";
		};
		721411C62BB5638F0076A775 /* dragndropUITests */ = {
			isa = PBXNativeTarget;
			buildConfigurationList = 721411D72BB5638F0076A775 /* Build configuration list for PBXNativeTarget "dragndropUITests" */;
			buildPhases = (
				721411C32BB5638F0076A775 /* Sources */,
				721411C42BB5638F0076A775 /* Frameworks */,
				721411C52BB5638F0076A775 /* Resources */,
			);
			buildRules = (
			);
			dependencies = (
				721411C92BB5638F0076A775 /* PBXTargetDependency */,
			);
			name = dragndropUITests;
			productName = dragndropUITests;
			productReference = 721411C72BB5638F0076A775 /* dragndropUITests.xctest */;
			productType = "com.apple.product-type.bundle.ui-testing";
		};
/* End PBXNativeTarget section */

/* Begin PBXProject section */
		721411A52BB5638E0076A775 /* Project object */ = {
			isa = PBXProject;
			attributes = {
				BuildIndependentTargetsInParallel = 1;
				LastSwiftUpdateCheck = 1530;
				LastUpgradeCheck = 1530;
				TargetAttributes = {
					721411AC2BB5638E0076A775 = {
						CreatedOnToolsVersion = 15.3;
					};
					721411BC2BB5638F0076A775 = {
						CreatedOnToolsVersion = 15.3;
						TestTargetID = 721411AC2BB5638E0076A775;
					};
					721411C62BB5638F0076A775 = {
						CreatedOnToolsVersion = 15.3;
						TestTargetID = 721411AC2BB5638E0076A775;
					};
				};
			};
			buildConfigurationList = 721411A82BB5638E0076A775 /* Build configuration list for PBXProject "dragndrop" */;
			compatibilityVersion = "Xcode 14.0";
			developmentRegion = en;
			hasScannedForEncodings = 0;
			knownRegions = (
				en,
				Base,
			);
			mainGroup = 721411A42BB5638E0076A775;
			productRefGroup = 721411AE2BB5638E0076A775 /* Products */;
			projectDirPath = "";
			projectRoot = "";
			targets = (
				721411AC2BB5638E0076A775 /* dragndrop */,
				721411BC2BB5638F0076A775 /* dragndropTests */,
				721411C62BB5638F0076A775 /* dragndropUITests */,
			);
		};
/* End PBXProject section */

/* Begin PBXResourcesBuildPhase section */
		721411AB2BB5638E0076A775 /* Resources */ = {
			isa = PBXResourcesBuildPhase;
			buildActionMask = 2147483647;
			files = (
				721411B82BB5638F0076A775 /* Preview Assets.xcassets in Resources */,
				721411B52BB5638F0076A775 /* Assets.xcassets in Resources */,
			);
			runOnlyForDeploymentPostprocessing = 0;
		};
		721411BB2BB5638F0076A775 /* Resources */ = {
			isa = PBXResourcesBuildPhase;
			buildActionMask = 2147483647;
			files = (
			);
			runOnlyForDeploymentPostprocessing = 0;
		};
		721411C52BB5638F0076A775 /* Resources */ = {
			isa = PBXResourcesBuildPhase;
			buildActionMask = 2147483647;
			files = (
			);
			runOnlyForDeploymentPostprocessing = 0;
		};
/* End PBXResourcesBuildPhase section */

/* Begin PBXShellScriptBuildPhase section */
		727F6D572BB5E09700A5D4D8 /* SwiftLint */ = {
			isa = PBXShellScriptBuildPhase;
			buildActionMask = 2147483647;
			files = (
			);
			inputFileListPaths = (
			);
			inputPaths = (
			);
			name = SwiftLint;
			outputFileListPaths = (
			);
			outputPaths = (
			);
			runOnlyForDeploymentPostprocessing = 0;
			shellPath = /bin/sh;
			shellScript = "export PATH=\"$PATH:/opt/homebrew/bin\"\nif which swiftlint > /dev/null; then\n  swiftlint\nelse\n  echo \"warning: SwiftLint not installed, download from https://github.com/realm/SwiftLint\"\nfi\n\n";
		};
/* End PBXShellScriptBuildPhase section */

/* Begin PBXSourcesBuildPhase section */
		721411A92BB5638E0076A775 /* Sources */ = {
			isa = PBXSourcesBuildPhase;
			buildActionMask = 2147483647;
			files = (
				721411E92BB59EB70076A775 /* CustomExtensions.swift in Sources */,
				721411B32BB5638E0076A775 /* MainView.swift in Sources */,
				721411EF2BB59F310076A775 /* KanbanView.swift in Sources */,
				721411EC2BB59EDA0076A775 /* DeveloperTaskEntity.swift in Sources */,
				721411B12BB5638E0076A775 /* DragndropApp.swift in Sources */,
				727F6D5A2BB5E23000A5D4D8 /* KanbanEntity.swift in Sources */,
			);
			runOnlyForDeploymentPostprocessing = 0;
		};
		721411B92BB5638F0076A775 /* Sources */ = {
			isa = PBXSourcesBuildPhase;
			buildActionMask = 2147483647;
			files = (
				721411C22BB5638F0076A775 /* DragndropTests.swift in Sources */,
			);
			runOnlyForDeploymentPostprocessing = 0;
		};
		721411C32BB5638F0076A775 /* Sources */ = {
			isa = PBXSourcesBuildPhase;
			buildActionMask = 2147483647;
			files = (
				721411CE2BB5638F0076A775 /* DragndropUITestsLaunchTests.swift in Sources */,
				721411CC2BB5638F0076A775 /* DragndropUITests.swift in Sources */,
			);
			runOnlyForDeploymentPostprocessing = 0;
		};
/* End PBXSourcesBuildPhase section */

/* Begin PBXTargetDependency section */
		721411BF2BB5638F0076A775 /* PBXTargetDependency */ = {
			isa = PBXTargetDependency;
			target = 721411AC2BB5638E0076A775 /* dragndrop */;
			targetProxy = 721411BE2BB5638F0076A775 /* PBXContainerItemProxy */;
		};
		721411C92BB5638F0076A775 /* PBXTargetDependency */ = {
			isa = PBXTargetDependency;
			target = 721411AC2BB5638E0076A775 /* dragndrop */;
			targetProxy = 721411C82BB5638F0076A775 /* PBXContainerItemProxy */;
		};
/* End PBXTargetDependency section */

/* Begin XCBuildConfiguration section */
		721411CF2BB5638F0076A775 /* Debug */ = {
			isa = XCBuildConfiguration;
			buildSettings = {
				ALWAYS_SEARCH_USER_PATHS = NO;
				ASSETCATALOG_COMPILER_GENERATE_SWIFT_ASSET_SYMBOL_EXTENSIONS = YES;
				CLANG_ANALYZER_NONNULL = YES;
				CLANG_ANALYZER_NUMBER_OBJECT_CONVERSION = YES_AGGRESSIVE;
				CLANG_CXX_LANGUAGE_STANDARD = "gnu++20";
				CLANG_ENABLE_MODULES = YES;
				CLANG_ENABLE_OBJC_ARC = YES;
				CLANG_ENABLE_OBJC_WEAK = YES;
				CLANG_WARN_BLOCK_CAPTURE_AUTORELEASING = YES;
				CLANG_WARN_BOOL_CONVERSION = YES;
				CLANG_WARN_COMMA = YES;
				CLANG_WARN_CONSTANT_CONVERSION = YES;
				CLANG_WARN_DEPRECATED_OBJC_IMPLEMENTATIONS = YES;
				CLANG_WARN_DIRECT_OBJC_ISA_USAGE = YES_ERROR;
				CLANG_WARN_DOCUMENTATION_COMMENTS = YES;
				CLANG_WARN_EMPTY_BODY = YES;
				CLANG_WARN_ENUM_CONVERSION = YES;
				CLANG_WARN_INFINITE_RECURSION = YES;
				CLANG_WARN_INT_CONVERSION = YES;
				CLANG_WARN_NON_LITERAL_NULL_CONVERSION = YES;
				CLANG_WARN_OBJC_IMPLICIT_RETAIN_SELF = YES;
				CLANG_WARN_OBJC_LITERAL_CONVERSION = YES;
				CLANG_WARN_OBJC_ROOT_CLASS = YES_ERROR;
				CLANG_WARN_QUOTED_INCLUDE_IN_FRAMEWORK_HEADER = YES;
				CLANG_WARN_RANGE_LOOP_ANALYSIS = YES;
				CLANG_WARN_STRICT_PROTOTYPES = YES;
				CLANG_WARN_SUSPICIOUS_MOVE = YES;
				CLANG_WARN_UNGUARDED_AVAILABILITY = YES_AGGRESSIVE;
				CLANG_WARN_UNREACHABLE_CODE = YES;
				CLANG_WARN__DUPLICATE_METHOD_MATCH = YES;
				COPY_PHASE_STRIP = NO;
				DEBUG_INFORMATION_FORMAT = dwarf;
				ENABLE_STRICT_OBJC_MSGSEND = YES;
				ENABLE_TESTABILITY = YES;
				ENABLE_USER_SCRIPT_SANDBOXING = YES;
				GCC_C_LANGUAGE_STANDARD = gnu17;
				GCC_DYNAMIC_NO_PIC = NO;
				GCC_NO_COMMON_BLOCKS = YES;
				GCC_OPTIMIZATION_LEVEL = 0;
				GCC_PREPROCESSOR_DEFINITIONS = (
					"DEBUG=1",
					"$(inherited)",
				);
				GCC_WARN_64_TO_32_BIT_CONVERSION = YES;
				GCC_WARN_ABOUT_RETURN_TYPE = YES_ERROR;
				GCC_WARN_UNDECLARED_SELECTOR = YES;
				GCC_WARN_UNINITIALIZED_AUTOS = YES_AGGRESSIVE;
				GCC_WARN_UNUSED_FUNCTION = YES;
				GCC_WARN_UNUSED_VARIABLE = YES;
				IPHONEOS_DEPLOYMENT_TARGET = 17.4;
				LOCALIZATION_PREFERS_STRING_CATALOGS = YES;
				MTL_ENABLE_DEBUG_INFO = INCLUDE_SOURCE;
				MTL_FAST_MATH = YES;
				ONLY_ACTIVE_ARCH = YES;
				SDKROOT = iphoneos;
				SWIFT_ACTIVE_COMPILATION_CONDITIONS = "DEBUG $(inherited)";
				SWIFT_OPTIMIZATION_LEVEL = "-Onone";
			};
			name = Debug;
		};
		721411D02BB5638F0076A775 /* Release */ = {
			isa = XCBuildConfiguration;
			buildSettings = {
				ALWAYS_SEARCH_USER_PATHS = NO;
				ASSETCATALOG_COMPILER_GENERATE_SWIFT_ASSET_SYMBOL_EXTENSIONS = YES;
				CLANG_ANALYZER_NONNULL = YES;
				CLANG_ANALYZER_NUMBER_OBJECT_CONVERSION = YES_AGGRESSIVE;
				CLANG_CXX_LANGUAGE_STANDARD = "gnu++20";
				CLANG_ENABLE_MODULES = YES;
				CLANG_ENABLE_OBJC_ARC = YES;
				CLANG_ENABLE_OBJC_WEAK = YES;
				CLANG_WARN_BLOCK_CAPTURE_AUTORELEASING = YES;
				CLANG_WARN_BOOL_CONVERSION = YES;
				CLANG_WARN_COMMA = YES;
				CLANG_WARN_CONSTANT_CONVERSION = YES;
				CLANG_WARN_DEPRECATED_OBJC_IMPLEMENTATIONS = YES;
				CLANG_WARN_DIRECT_OBJC_ISA_USAGE = YES_ERROR;
				CLANG_WARN_DOCUMENTATION_COMMENTS = YES;
				CLANG_WARN_EMPTY_BODY = YES;
				CLANG_WARN_ENUM_CONVERSION = YES;
				CLANG_WARN_INFINITE_RECURSION = YES;
				CLANG_WARN_INT_CONVERSION = YES;
				CLANG_WARN_NON_LITERAL_NULL_CONVERSION = YES;
				CLANG_WARN_OBJC_IMPLICIT_RETAIN_SELF = YES;
				CLANG_WARN_OBJC_LITERAL_CONVERSION = YES;
				CLANG_WARN_OBJC_ROOT_CLASS = YES_ERROR;
				CLANG_WARN_QUOTED_INCLUDE_IN_FRAMEWORK_HEADER = YES;
				CLANG_WARN_RANGE_LOOP_ANALYSIS = YES;
				CLANG_WARN_STRICT_PROTOTYPES = YES;
				CLANG_WARN_SUSPICIOUS_MOVE = YES;
				CLANG_WARN_UNGUARDED_AVAILABILITY = YES_AGGRESSIVE;
				CLANG_WARN_UNREACHABLE_CODE = YES;
				CLANG_WARN__DUPLICATE_METHOD_MATCH = YES;
				COPY_PHASE_STRIP = NO;
				DEBUG_INFORMATION_FORMAT = "dwarf-with-dsym";
				ENABLE_NS_ASSERTIONS = NO;
				ENABLE_STRICT_OBJC_MSGSEND = YES;
				ENABLE_USER_SCRIPT_SANDBOXING = YES;
				GCC_C_LANGUAGE_STANDARD = gnu17;
				GCC_NO_COMMON_BLOCKS = YES;
				GCC_WARN_64_TO_32_BIT_CONVERSION = YES;
				GCC_WARN_ABOUT_RETURN_TYPE = YES_ERROR;
				GCC_WARN_UNDECLARED_SELECTOR = YES;
				GCC_WARN_UNINITIALIZED_AUTOS = YES_AGGRESSIVE;
				GCC_WARN_UNUSED_FUNCTION = YES;
				GCC_WARN_UNUSED_VARIABLE = YES;
				IPHONEOS_DEPLOYMENT_TARGET = 17.4;
				LOCALIZATION_PREFERS_STRING_CATALOGS = YES;
				MTL_ENABLE_DEBUG_INFO = NO;
				MTL_FAST_MATH = YES;
				SDKROOT = iphoneos;
				SWIFT_COMPILATION_MODE = wholemodule;
				VALIDATE_PRODUCT = YES;
			};
			name = Release;
		};
		721411D22BB5638F0076A775 /* Debug */ = {
			isa = XCBuildConfiguration;
			buildSettings = {
				ASSETCATALOG_COMPILER_APPICON_NAME = AppIcon;
				ASSETCATALOG_COMPILER_GLOBAL_ACCENT_COLOR_NAME = AccentColor;
				CODE_SIGN_STYLE = Automatic;
				CURRENT_PROJECT_VERSION = 1;
				DEVELOPMENT_ASSET_PATHS = "\"dragndrop/Preview Content\"";
				DEVELOPMENT_TEAM = SQPG2GUVW5;
				ENABLE_PREVIEWS = YES;
				ENABLE_USER_SCRIPT_SANDBOXING = NO;
				GENERATE_INFOPLIST_FILE = YES;
				INFOPLIST_FILE = dragndrop/Info.plist;
				INFOPLIST_KEY_UIApplicationSceneManifest_Generation = YES;
				INFOPLIST_KEY_UIApplicationSupportsIndirectInputEvents = YES;
				INFOPLIST_KEY_UILaunchScreen_Generation = YES;
				INFOPLIST_KEY_UISupportedInterfaceOrientations = "UIInterfaceOrientationLandscapeLeft UIInterfaceOrientationLandscapeRight";
				IPHONEOS_DEPLOYMENT_TARGET = 16.0;
				LD_RUNPATH_SEARCH_PATHS = (
					"$(inherited)",
					"@executable_path/Frameworks",
				);
				MARKETING_VERSION = 1.0;
				PRODUCT_BUNDLE_IDENTIFIER = com.daapcoders.dragndrop;
				PRODUCT_NAME = "$(TARGET_NAME)";
				SWIFT_EMIT_LOC_STRINGS = YES;
				SWIFT_VERSION = 5.0;
				TARGETED_DEVICE_FAMILY = "1,2";
			};
			name = Debug;
		};
		721411D32BB5638F0076A775 /* Release */ = {
			isa = XCBuildConfiguration;
			buildSettings = {
				ASSETCATALOG_COMPILER_APPICON_NAME = AppIcon;
				ASSETCATALOG_COMPILER_GLOBAL_ACCENT_COLOR_NAME = AccentColor;
				CODE_SIGN_STYLE = Automatic;
				CURRENT_PROJECT_VERSION = 1;
				DEVELOPMENT_ASSET_PATHS = "\"dragndrop/Preview Content\"";
				DEVELOPMENT_TEAM = SQPG2GUVW5;
				ENABLE_PREVIEWS = YES;
				ENABLE_USER_SCRIPT_SANDBOXING = NO;
				GENERATE_INFOPLIST_FILE = YES;
				INFOPLIST_FILE = dragndrop/Info.plist;
				INFOPLIST_KEY_UIApplicationSceneManifest_Generation = YES;
				INFOPLIST_KEY_UIApplicationSupportsIndirectInputEvents = YES;
				INFOPLIST_KEY_UILaunchScreen_Generation = YES;
				INFOPLIST_KEY_UISupportedInterfaceOrientations = "UIInterfaceOrientationLandscapeLeft UIInterfaceOrientationLandscapeRight";
				IPHONEOS_DEPLOYMENT_TARGET = 16.0;
				LD_RUNPATH_SEARCH_PATHS = (
					"$(inherited)",
					"@executable_path/Frameworks",
				);
				MARKETING_VERSION = 1.0;
				PRODUCT_BUNDLE_IDENTIFIER = com.daapcoders.dragndrop;
				PRODUCT_NAME = "$(TARGET_NAME)";
				SWIFT_EMIT_LOC_STRINGS = YES;
				SWIFT_VERSION = 5.0;
				TARGETED_DEVICE_FAMILY = "1,2";
			};
			name = Release;
		};
		721411D52BB5638F0076A775 /* Debug */ = {
			isa = XCBuildConfiguration;
			buildSettings = {
				ALWAYS_EMBED_SWIFT_STANDARD_LIBRARIES = YES;
				BUNDLE_LOADER = "$(TEST_HOST)";
				CODE_SIGN_STYLE = Automatic;
				CURRENT_PROJECT_VERSION = 1;
				DEVELOPMENT_TEAM = SQPG2GUVW5;
				GENERATE_INFOPLIST_FILE = YES;
				IPHONEOS_DEPLOYMENT_TARGET = 17.4;
				MARKETING_VERSION = 1.0;
				PRODUCT_BUNDLE_IDENTIFIER = com.daapcoders.dragndropTests;
				PRODUCT_NAME = "$(TARGET_NAME)";
				SWIFT_EMIT_LOC_STRINGS = NO;
				SWIFT_VERSION = 5.0;
				TARGETED_DEVICE_FAMILY = "1,2";
				TEST_HOST = "$(BUILT_PRODUCTS_DIR)/dragndrop.app/$(BUNDLE_EXECUTABLE_FOLDER_PATH)/dragndrop";
			};
			name = Debug;
		};
		721411D62BB5638F0076A775 /* Release */ = {
			isa = XCBuildConfiguration;
			buildSettings = {
				ALWAYS_EMBED_SWIFT_STANDARD_LIBRARIES = YES;
				BUNDLE_LOADER = "$(TEST_HOST)";
				CODE_SIGN_STYLE = Automatic;
				CURRENT_PROJECT_VERSION = 1;
				DEVELOPMENT_TEAM = SQPG2GUVW5;
				GENERATE_INFOPLIST_FILE = YES;
				IPHONEOS_DEPLOYMENT_TARGET = 17.4;
				MARKETING_VERSION = 1.0;
				PRODUCT_BUNDLE_IDENTIFIER = com.daapcoders.dragndropTests;
				PRODUCT_NAME = "$(TARGET_NAME)";
				SWIFT_EMIT_LOC_STRINGS = NO;
				SWIFT_VERSION = 5.0;
				TARGETED_DEVICE_FAMILY = "1,2";
				TEST_HOST = "$(BUILT_PRODUCTS_DIR)/dragndrop.app/$(BUNDLE_EXECUTABLE_FOLDER_PATH)/dragndrop";
			};
			name = Release;
		};
		721411D82BB5638F0076A775 /* Debug */ = {
			isa = XCBuildConfiguration;
			buildSettings = {
				ALWAYS_EMBED_SWIFT_STANDARD_LIBRARIES = YES;
				CODE_SIGN_STYLE = Automatic;
				CURRENT_PROJECT_VERSION = 1;
				DEVELOPMENT_TEAM = SQPG2GUVW5;
				GENERATE_INFOPLIST_FILE = YES;
				MARKETING_VERSION = 1.0;
				PRODUCT_BUNDLE_IDENTIFIER = com.daapcoders.dragndropUITests;
				PRODUCT_NAME = "$(TARGET_NAME)";
				SWIFT_EMIT_LOC_STRINGS = NO;
				SWIFT_VERSION = 5.0;
				TARGETED_DEVICE_FAMILY = "1,2";
				TEST_TARGET_NAME = dragndrop;
			};
			name = Debug;
		};
		721411D92BB5638F0076A775 /* Release */ = {
			isa = XCBuildConfiguration;
			buildSettings = {
				ALWAYS_EMBED_SWIFT_STANDARD_LIBRARIES = YES;
				CODE_SIGN_STYLE = Automatic;
				CURRENT_PROJECT_VERSION = 1;
				DEVELOPMENT_TEAM = SQPG2GUVW5;
				GENERATE_INFOPLIST_FILE = YES;
				MARKETING_VERSION = 1.0;
				PRODUCT_BUNDLE_IDENTIFIER = com.daapcoders.dragndropUITests;
				PRODUCT_NAME = "$(TARGET_NAME)";
				SWIFT_EMIT_LOC_STRINGS = NO;
				SWIFT_VERSION = 5.0;
				TARGETED_DEVICE_FAMILY = "1,2";
				TEST_TARGET_NAME = dragndrop;
			};
			name = Release;
		};
/* End XCBuildConfiguration section */

/* Begin XCConfigurationList section */
		721411A82BB5638E0076A775 /* Build configuration list for PBXProject "dragndrop" */ = {
			isa = XCConfigurationList;
			buildConfigurations = (
				721411CF2BB5638F0076A775 /* Debug */,
				721411D02BB5638F0076A775 /* Release */,
			);
			defaultConfigurationIsVisible = 0;
			defaultConfigurationName = Release;
		};
		721411D12BB5638F0076A775 /* Build configuration list for PBXNativeTarget "dragndrop" */ = {
			isa = XCConfigurationList;
			buildConfigurations = (
				721411D22BB5638F0076A775 /* Debug */,
				721411D32BB5638F0076A775 /* Release */,
			);
			defaultConfigurationIsVisible = 0;
			defaultConfigurationName = Release;
		};
		721411D42BB5638F0076A775 /* Build configuration list for PBXNativeTarget "dragndropTests" */ = {
			isa = XCConfigurationList;
			buildConfigurations = (
				721411D52BB5638F0076A775 /* Debug */,
				721411D62BB5638F0076A775 /* Release */,
			);
			defaultConfigurationIsVisible = 0;
			defaultConfigurationName = Release;
		};
		721411D72BB5638F0076A775 /* Build configuration list for PBXNativeTarget "dragndropUITests" */ = {
			isa = XCConfigurationList;
			buildConfigurations = (
				721411D82BB5638F0076A775 /* Debug */,
				721411D92BB5638F0076A775 /* Release */,
			);
			defaultConfigurationIsVisible = 0;
			defaultConfigurationName = Release;
		};
/* End XCConfigurationList section */
	};
	rootObject = 721411A52BB5638E0076A775 /* Project object */;
}
